
Microsoft Visual Studio Solution File, Format Version 12.00
# Visual Studio Version 16
VisualStudioVersion = 16.0.29728.190
MinimumVisualStudioVersion = 10.0.40219.1
Project("{9A19103F-16F7-4668-BE54-9A1E7A4F7556}") = "ServerMonitor", "ServerMonitor\ServerMonitor.csproj", "{0B1B1A6B-A46A-4F67-9888-C7A96ACB0832}"
EndProject
Global
	GlobalSection(SolutionConfigurationPlatforms) = preSolution
		Debug|Any CPU = Debug|Any CPU
		Release|Any CPU = Release|Any CPU
	EndGlobalSection
	GlobalSection(ProjectConfigurationPlatforms) = postSolution
		{0B1B1A6B-A46A-4F67-9888-C7A96ACB0832}.Debug|Any CPU.ActiveCfg = Debug|Any CPU
		{0B1B1A6B-A46A-4F67-9888-C7A96ACB0832}.Debug|Any CPU.Build.0 = Debug|Any CPU
		{0B1B1A6B-A46A-4F67-9888-C7A96ACB0832}.Release|Any CPU.ActiveCfg = Release|Any CPU
		{0B1B1A6B-A46A-4F67-9888-C7A96ACB0832}.Release|Any CPU.Build.0 = Release|Any CPU
	EndGlobalSection
	GlobalSection(SolutionProperties) = preSolution
		HideSolutionNode = FALSE
	EndGlobalSection
	GlobalSection(ExtensibilityGlobals) = postSolution
		SolutionGuid = {166A5532-6CA6-4A27-91A3-BA655067EB14}
	EndGlobalSection
EndGlobal
